
Microsoft Visual Studio Solution File, Format Version 12.00
# Visual Studio Version 17
VisualStudioVersion = 17.7.34024.191
MinimumVisualStudioVersion = 10.0.40219.1
Project("{FAE04EC0-301F-11D3-BF4B-00C04F79EFBC}") = "FDJAnalyzer", "FDJAnalyzer\FDJAnalyzer.csproj", "{98FF0FA1-E439-47E9-881E-F5E31EF7ED7E}"
EndProject
Global
	GlobalSection(SolutionConfigurationPlatforms) = preSolution
		Debug|Any CPU = Debug|Any CPU
		Release|Any CPU = Release|Any CPU
	EndGlobalSection
	GlobalSection(ProjectConfigurationPlatforms) = postSolution
		{98FF0FA1-E439-47E9-881E-F5E31EF7ED7E}.Debug|Any CPU.ActiveCfg = Debug|Any CPU
		{98FF0FA1-E439-47E9-881E-F5E31EF7ED7E}.Debug|Any CPU.Build.0 = Debug|Any CPU
		{98FF0FA1-E439-47E9-881E-F5E31EF7ED7E}.Release|Any CPU.ActiveCfg = Release|Any CPU
		{98FF0FA1-E439-47E9-881E-F5E31EF7ED7E}.Release|Any CPU.Build.0 = Release|Any CPU
	EndGlobalSection
	GlobalSection(SolutionProperties) = preSolution
		HideSolutionNode = FALSE
	EndGlobalSection
	GlobalSection(ExtensibilityGlobals) = postSolution
		SolutionGuid = {65756CB6-6B42-4729-84A0-3CDF2B1A459D}
	EndGlobalSection
EndGlobal
